# THIS IS AN AUTOGENERATED FILE. DO NOT EDIT THIS FILE DIRECTLY.
# yarn lockfile v1


"@bower_components/bootstrap@twbs/bootstrap#3.3.7":
  version "3.3.7"
  resolved "https://codeload.github.com/twbs/bootstrap/tar.gz/0b9c4a4007c44201dce9a6cc1a38407005c26c86"

"@bower_components/fingerprintjs2@Valve/fingerprintjs2#2.1.0":
  version "2.1.0"
  resolved "https://codeload.github.com/Valve/fingerprintjs2/tar.gz/bf7039da92655f981b2b958bb51a031e15601dbe"

"@bower_components/handlebars@components/handlebars.js#2.0.0":
  version "0.0.0"
  resolved "https://codeload.github.com/components/handlebars.js/tar.gz/c885aa829542dc739b53ffc8e9372856a3d8c86d"

"@bower_components/jquery-ui@components/jqueryui#1.12.0":
  version "1.12.0"
  resolved "https://codeload.github.com/components/jqueryui/tar.gz/2c9359a9d199da254dd278bef3d4ced047d6581c"

"@bower_components/jquery@jquery/jquery-dist#>= 1.7.0 < 4.0.0":
  version "3.7.1"
  resolved "https://codeload.github.com/jquery/jquery-dist/tar.gz/fde1f76e2799dd877c176abde0ec836553246991"

"@bower_components/moment-timezone@moment/moment-timezone#0.5.4":
  version "0.5.4"
  resolved "https://codeload.github.com/moment/moment-timezone/tar.gz/eda36cb2c5ed62b7082593c3aeaff9b94204aa1a"
  dependencies:
    moment ">= 2.6.0"

"@bower_components/moment@moment/moment#2.15.0":
  version "2.15.0"
  resolved "https://codeload.github.com/moment/moment/tar.gz/c587bf0063c18214238ca83f3f9c6170daf25bed"

"@bower_components/requirejs-i18n@requirejs/i18n#2.0.6":
  version "2.0.6"
  resolved "https://codeload.github.com/requirejs/i18n/tar.gz/e08bfb18f0e940a4e9e443ad372f4760cf1e0725"

"@bower_components/text@requirejs/text#2.0.15":
  version "2.0.15"
  resolved "https://codeload.github.com/requirejs/text/tar.gz/d04de4ffd7bf5ba6cb80cdca2d40d4f6f52a1b1f"

"moment@>= 2.6.0":
  version "2.30.1"
  resolved "https://registry.yarnpkg.com/moment/-/moment-2.30.1.tgz#f8c91c07b7a786e30c59926df530b4eac96974ae"
  integrity sha512-uEmtNhbDOrWPFS+hdjFCBfy9f2YoyzRpwcl+DqpC6taX21FzsTLQVbMV/W7PzNSX6x/bhC1zA3c2UQ5NzH6how==
